// !$*UTF8*$!
{
	archiveVersion = 1;
	classes = {
	};
	objectVersion = 42;
	objects = {

/* Begin PBXBuildFile section */
		322461450DB5B695000A6404 /* Sparkle.framework in Frameworks */ = {isa = PBXBuildFile; fileRef = 322461440DB5B695000A6404 /* Sparkle.framework */; };
		322461480DB5B6B6000A6404 /* FLAC.framework in Copy Frameworks */ = {isa = PBXBuildFile; fileRef = 32BC8E300DB4FF55003CD644 /* FLAC.framework */; };
		322461490DB5B6B6000A6404 /* mac.framework in Copy Frameworks */ = {isa = PBXBuildFile; fileRef = 32BC8E310DB4FF55003CD644 /* mac.framework */; };
		3224614A0DB5B6B6000A6404 /* ogg.framework in Copy Frameworks */ = {isa = PBXBuildFile; fileRef = 32BC8E320DB4FF55003CD644 /* ogg.framework */; };
		3224614B0DB5B6B6000A6404 /* Sparkle.framework in Copy Frameworks */ = {isa = PBXBuildFile; fileRef = 322461440DB5B695000A6404 /* Sparkle.framework */; };
		3224614C0DB5B6B6000A6404 /* taglib.framework in Copy Frameworks */ = {isa = PBXBuildFile; fileRef = 32BC8E330DB4FF55003CD644 /* taglib.framework */; };
		3224614D0DB5B6B6000A6404 /* wavpack.framework in Copy Frameworks */ = {isa = PBXBuildFile; fileRef = 32BC8E340DB4FF55003CD644 /* wavpack.framework */; };
		323126450F684141003DC9B9 /* MainMenu.xib in Resources */ = {isa = PBXBuildFile; fileRef = 323126430F684141003DC9B9 /* MainMenu.xib */; };
		323126490F684154003DC9B9 /* Acknowledgments.xib in Resources */ = {isa = PBXBuildFile; fileRef = 323126470F684154003DC9B9 /* Acknowledgments.xib */; };
		3231264D0F684160003DC9B9 /* AddTagSheet.xib in Resources */ = {isa = PBXBuildFile; fileRef = 3231264B0F684160003DC9B9 /* AddTagSheet.xib */; };
		323126510F68416C003DC9B9 /* FileSelectionSheet.xib in Resources */ = {isa = PBXBuildFile; fileRef = 3231264F0F68416C003DC9B9 /* FileSelectionSheet.xib */; };
		323126550F684178003DC9B9 /* GuessTagsSheet.xib in Resources */ = {isa = PBXBuildFile; fileRef = 323126530F684178003DC9B9 /* GuessTagsSheet.xib */; };
		323126590F684182003DC9B9 /* Preferences.xib in Resources */ = {isa = PBXBuildFile; fileRef = 323126570F684182003DC9B9 /* Preferences.xib */; };
		3231265D0F68418C003DC9B9 /* RenameFilesSheet.xib in Resources */ = {isa = PBXBuildFile; fileRef = 3231265B0F68418C003DC9B9 /* RenameFilesSheet.xib */; };
		323126610F684199003DC9B9 /* TagEditor.xib in Resources */ = {isa = PBXBuildFile; fileRef = 3231265F0F684199003DC9B9 /* TagEditor.xib */; };
		32BC8E350DB4FF55003CD644 /* FLAC.framework in Frameworks */ = {isa = PBXBuildFile; fileRef = 32BC8E300DB4FF55003CD644 /* FLAC.framework */; };
		32BC8E360DB4FF55003CD644 /* mac.framework in Frameworks */ = {isa = PBXBuildFile; fileRef = 32BC8E310DB4FF55003CD644 /* mac.framework */; };
		32BC8E370DB4FF55003CD644 /* ogg.framework in Frameworks */ = {isa = PBXBuildFile; fileRef = 32BC8E320DB4FF55003CD644 /* ogg.framework */; };
		32BC8E380DB4FF55003CD644 /* taglib.framework in Frameworks */ = {isa = PBXBuildFile; fileRef = 32BC8E330DB4FF55003CD644 /* taglib.framework */; };
		32BC8E390DB4FF55003CD644 /* wavpack.framework in Frameworks */ = {isa = PBXBuildFile; fileRef = 32BC8E340DB4FF55003CD644 /* wavpack.framework */; };
		8C04FC2909B5D09D00EFF4D0 /* EditorWindow.m in Sources */ = {isa = PBXBuildFile; fileRef = 8C04FC2709B5D09D00EFF4D0 /* EditorWindow.m */; };
		8C0A9F5D09B5898C00D994FC /* Tag.icns in Resources */ = {isa = PBXBuildFile; fileRef = 8C0A9F5C09B5898C00D994FC /* Tag.icns */; };
		8C14696509CC367D00F91A97 /* KeyValueTaggedFile.m in Sources */ = {isa = PBXBuildFile; fileRef = 8C14696409CC367D00F91A97 /* KeyValueTaggedFile.m */; };
		8C1E7DC309D1061600B36CDB /* UKFNSubscribeFileWatcher.m in Sources */ = {isa = PBXBuildFile; fileRef = 8C1E7DBA09D1061600B36CDB /* UKFNSubscribeFileWatcher.m */; };
		8C1E7DC409D1061600B36CDB /* UKFileWatcher.m in Sources */ = {isa = PBXBuildFile; fileRef = 8C1E7DBB09D1061600B36CDB /* UKFileWatcher.m */; };
		8C1E7DC909D1061600B36CDB /* UKMainThreadProxy.m in Sources */ = {isa = PBXBuildFile; fileRef = 8C1E7DC009D1061600B36CDB /* UKMainThreadProxy.m */; };
		8C1E7DCA09D1061600B36CDB /* UKKQueue.m in Sources */ = {isa = PBXBuildFile; fileRef = 8C1E7DC109D1061600B36CDB /* UKKQueue.m */; };
		8C1E9B480A241F960028957C /* FileSelectionSheet.m in Sources */ = {isa = PBXBuildFile; fileRef = 8C1E9B460A241F960028957C /* FileSelectionSheet.m */; };
		8C5A84B109B1C6D900B86E4E /* AddTagSheet.m in Sources */ = {isa = PBXBuildFile; fileRef = 8C5A84AF09B1C6D900B86E4E /* AddTagSheet.m */; };
		8C728BC609B6F744000F7848 /* CompilationButtonCell.m in Sources */ = {isa = PBXBuildFile; fileRef = 8CA3BDED09B68EAC006B54AD /* CompilationButtonCell.m */; };
		8C728C3309B6F8C9000F7848 /* ServicesProvider.m in Sources */ = {isa = PBXBuildFile; fileRef = 8C728C3109B6F8C9000F7848 /* ServicesProvider.m */; };
		8C72A010098DED9100AADBFD /* Add_Pressed.tiff in Resources */ = {isa = PBXBuildFile; fileRef = 8C72A00C098DED9100AADBFD /* Add_Pressed.tiff */; };
		8C72A011098DED9100AADBFD /* Add.tiff in Resources */ = {isa = PBXBuildFile; fileRef = 8C72A00D098DED9100AADBFD /* Add.tiff */; };
		8C72A012098DED9100AADBFD /* Remove_Pressed.tiff in Resources */ = {isa = PBXBuildFile; fileRef = 8C72A00E098DED9100AADBFD /* Remove_Pressed.tiff */; };
		8C72A013098DED9100AADBFD /* Remove.tiff in Resources */ = {isa = PBXBuildFile; fileRef = 8C72A00F098DED9100AADBFD /* Remove.tiff */; };
		8C7C7E4F09E783D000A6B846 /* WavPackFile.m in Sources */ = {isa = PBXBuildFile; fileRef = 8C7C7E4D09E783D000A6B846 /* WavPackFile.m */; };
		8C7C828609E78C9800A6B846 /* WavPackHelperFunctions.m in Sources */ = {isa = PBXBuildFile; fileRef = 8C7C828409E78C9800A6B846 /* WavPackHelperFunctions.m */; };
		8C8006C909CBB16300AEBDD9 /* MonkeysAudioFile.mm in Sources */ = {isa = PBXBuildFile; fileRef = 8C8006C709CBB16300AEBDD9 /* MonkeysAudioFile.mm */; };
		8C80BAD009BAF01F00429B03 /* FilesTableView.m in Sources */ = {isa = PBXBuildFile; fileRef = 8CA0AB1C09B53F3500E44E10 /* FilesTableView.m */; };
		8CA0A38609B4535400E44E10 /* TagEditor.m in Sources */ = {isa = PBXBuildFile; fileRef = 8CA0A38409B4535400E44E10 /* TagEditor.m */; };
		8CA0A4E809B467B000E44E10 /* FLACFile.m in Sources */ = {isa = PBXBuildFile; fileRef = 8CA0A4E609B467B000E44E10 /* FLACFile.m */; };
		8CA0A4F009B467C100E44E10 /* OggVorbisFile.mm in Sources */ = {isa = PBXBuildFile; fileRef = 8CA0A4EE09B467C100E44E10 /* OggVorbisFile.mm */; };
		8CA0A9A609B52C0000E44E10 /* FLACHelperFunctions.m in Sources */ = {isa = PBXBuildFile; fileRef = 8CA0A9A409B52C0000E44E10 /* FLACHelperFunctions.m */; };
		8CA3BD9C09B68A42006B54AD /* CompilationButton.m in Sources */ = {isa = PBXBuildFile; fileRef = 8CA3BD9A09B68A42006B54AD /* CompilationButton.m */; };
		8CA6209409B0B5C5001D14DC /* TagArrayController.m in Sources */ = {isa = PBXBuildFile; fileRef = 8CA6209309B0B5C5001D14DC /* TagArrayController.m */; };
		8CA6219409B0C670001D14DC /* Genres.m in Sources */ = {isa = PBXBuildFile; fileRef = 8CA6219209B0C670001D14DC /* Genres.m */; };
		8CA6237D09B0E5A5001D14DC /* ApplicationDelegate.m in Sources */ = {isa = PBXBuildFile; fileRef = 8CA6237B09B0E5A5001D14DC /* ApplicationDelegate.m */; };
		8CA627C009B0FC66001D14DC /* UppercaseStringValueTransformer.m in Sources */ = {isa = PBXBuildFile; fileRef = 8CA627BE09B0FC66001D14DC /* UppercaseStringValueTransformer.m */; };
		8CA62A3409B13830001D14DC /* AcknowledgmentsController.m in Sources */ = {isa = PBXBuildFile; fileRef = 8CA62A3209B13830001D14DC /* AcknowledgmentsController.m */; };
		8CA62A5C09B13A07001D14DC /* Acknowledgments.rtf in Resources */ = {isa = PBXBuildFile; fileRef = 8CA62A5B09B13A07001D14DC /* Acknowledgments.rtf */; };
		8CA7319909D2E5BA005D630C /* Tag.sdef in Resources */ = {isa = PBXBuildFile; fileRef = 8CA7319809D2E5BA005D630C /* Tag.sdef */; };
		8CB4FE8C09B71AD100EF45EB /* Errors.strings in Resources */ = {isa = PBXBuildFile; fileRef = 8CB4FE8609B71AD100EF45EB /* Errors.strings */; };
		8CB4FE8D09B71AD100EF45EB /* General.strings in Resources */ = {isa = PBXBuildFile; fileRef = 8CB4FE8809B71AD100EF45EB /* General.strings */; };
		8CB4FE8E09B71AD100EF45EB /* Genres.strings in Resources */ = {isa = PBXBuildFile; fileRef = 8CB4FE8A09B71AD100EF45EB /* Genres.strings */; };
		8CBA33640A13C2B500E9EA47 /* RenameFilesSheet.m in Sources */ = {isa = PBXBuildFile; fileRef = 8CBA33620A13C2B500E9EA47 /* RenameFilesSheet.m */; };
		8CBEEB060A24CA3E00B58E00 /* TagTableView.m in Sources */ = {isa = PBXBuildFile; fileRef = 8CBEEB040A24CA3E00B58E00 /* TagTableView.m */; };
		8CCA0D0E09BDA747002E74BD /* Actions.strings in Resources */ = {isa = PBXBuildFile; fileRef = 8CCA0D0C09BDA747002E74BD /* Actions.strings */; };
		8CCA0D8A09BDB449002E74BD /* GuessTagsSheet.m in Sources */ = {isa = PBXBuildFile; fileRef = 8CCA0D8909BDB449002E74BD /* GuessTagsSheet.m */; };
		8CDE8F5509BA2EF4002140CF /* FileArrayController.m in Sources */ = {isa = PBXBuildFile; fileRef = 8CDE8F5309BA2EF4002140CF /* FileArrayController.m */; };
		8CE74D9C09CDB27700D73B4B /* TagFile.icns in Resources */ = {isa = PBXBuildFile; fileRef = 8CE74D9B09CDB27700D73B4B /* TagFile.icns */; };
		8CFA78A409B1AE9A0081F2E9 /* PreferencesController.m in Sources */ = {isa = PBXBuildFile; fileRef = 8CFA78A209B1AE990081F2E9 /* PreferencesController.m */; };
		8D15AC2C0486D014006FF6A4 /* Credits.rtf in Resources */ = {isa = PBXBuildFile; fileRef = 2A37F4B9FDCFA73011CA2CEA /* Credits.rtf */; };
		8D15AC2F0486D014006FF6A4 /* InfoPlist.strings in Resources */ = {isa = PBXBuildFile; fileRef = 089C165FFE840EACC02AAC07 /* InfoPlist.strings */; };
		8D15AC320486D014006FF6A4 /* main.m in Sources */ = {isa = PBXBuildFile; fileRef = 2A37F4B0FDCFA73011CA2CEA /* main.m */; settings = {ATTRIBUTES = (); }; };
		8D15AC340486D014006FF6A4 /* Cocoa.framework in Frameworks */ = {isa = PBXBuildFile; fileRef = 1058C7A7FEA54F5311CA2CBB /* Cocoa.framework */; };
/* End PBXBuildFile section */

/* Begin PBXCopyFilesBuildPhase section */
		8CA6213209B0C3EB001D14DC /* Copy Frameworks */ = {
			isa = PBXCopyFilesBuildPhase;
			buildActionMask = 2147483647;
			dstPath = "";
			dstSubfolderSpec = 10;
			files = (
				322461480DB5B6B6000A6404 /* FLAC.framework in Copy Frameworks */,
				322461490DB5B6B6000A6404 /* mac.framework in Copy Frameworks */,
				3224614A0DB5B6B6000A6404 /* ogg.framework in Copy Frameworks */,
				3224614B0DB5B6B6000A6404 /* Sparkle.framework in Copy Frameworks */,
				3224614C0DB5B6B6000A6404 /* taglib.framework in Copy Frameworks */,
				3224614D0DB5B6B6000A6404 /* wavpack.framework in Copy Frameworks */,
			);
			name = "Copy Frameworks";
			runOnlyForDeploymentPostprocessing = 0;
		};
/* End PBXCopyFilesBuildPhase section */

/* Begin PBXFileReference section */
		089C1660FE840EACC02AAC07 /* English */ = {isa = PBXFileReference; fileEncoding = 10; lastKnownFileType = text.plist.strings; name = English; path = English.lproj/InfoPlist.strings; sourceTree = "<group>"; };
		1058C7A7FEA54F5311CA2CBB /* Cocoa.framework */ = {isa = PBXFileReference; lastKnownFileType = wrapper.framework; name = Cocoa.framework; path = /System/Library/Frameworks/Cocoa.framework; sourceTree = "<absolute>"; };
		13E42FBA07B3F13500E4EEF1 /* CoreData.framework */ = {isa = PBXFileReference; lastKnownFileType = wrapper.framework; name = CoreData.framework; path = /System/Library/Frameworks/CoreData.framework; sourceTree = "<absolute>"; };
		2A37F4B0FDCFA73011CA2CEA /* main.m */ = {isa = PBXFileReference; fileEncoding = 4; lastKnownFileType = sourcecode.c.objc; path = main.m; sourceTree = "<group>"; };
		2A37F4BAFDCFA73011CA2CEA /* English */ = {isa = PBXFileReference; lastKnownFileType = text.rtf; name = English; path = English.lproj/Credits.rtf; sourceTree = "<group>"; };
		2A37F4C4FDCFA73011CA2CEA /* AppKit.framework */ = {isa = PBXFileReference; lastKnownFileType = wrapper.framework; name = AppKit.framework; path = /System/Library/Frameworks/AppKit.framework; sourceTree = "<absolute>"; };
		2A37F4C5FDCFA73011CA2CEA /* Foundation.framework */ = {isa = PBXFileReference; lastKnownFileType = wrapper.framework; name = Foundation.framework; path = /System/Library/Frameworks/Foundation.framework; sourceTree = "<absolute>"; };
		322461440DB5B695000A6404 /* Sparkle.framework */ = {isa = PBXFileReference; lastKnownFileType = wrapper.framework; name = Sparkle.framework; path = Frameworks/Sparkle.framework; sourceTree = "<group>"; };
		323126440F684141003DC9B9 /* English */ = {isa = PBXFileReference; lastKnownFileType = file.xib; name = English; path = English.lproj/MainMenu.xib; sourceTree = "<group>"; };
		323126480F684154003DC9B9 /* English */ = {isa = PBXFileReference; lastKnownFileType = file.xib; name = English; path = English.lproj/Acknowledgments.xib; sourceTree = "<group>"; };
		3231264C0F684160003DC9B9 /* English */ = {isa = PBXFileReference; lastKnownFileType = file.xib; name = English; path = English.lproj/AddTagSheet.xib; sourceTree = "<group>"; };
		323126500F68416C003DC9B9 /* English */ = {isa = PBXFileReference; lastKnownFileType = file.xib; name = English; path = English.lproj/FileSelectionSheet.xib; sourceTree = "<group>"; };
		323126540F684178003DC9B9 /* English */ = {isa = PBXFileReference; lastKnownFileType = file.xib; name = English; path = English.lproj/GuessTagsSheet.xib; sourceTree = "<group>"; };
		323126580F684182003DC9B9 /* English */ = {isa = PBXFileReference; lastKnownFileType = file.xib; name = English; path = English.lproj/Preferences.xib; sourceTree = "<group>"; };
		3231265C0F68418C003DC9B9 /* English */ = {isa = PBXFileReference; lastKnownFileType = file.xib; name = English; path = English.lproj/RenameFilesSheet.xib; sourceTree = "<group>"; };
		323126600F684199003DC9B9 /* English */ = {isa = PBXFileReference; lastKnownFileType = file.xib; name = English; path = English.lproj/TagEditor.xib; sourceTree = "<group>"; };
		32BC8E300DB4FF55003CD644 /* FLAC.framework */ = {isa = PBXFileReference; lastKnownFileType = wrapper.framework; name = FLAC.framework; path = Frameworks/FLAC.framework; sourceTree = "<group>"; };
		32BC8E310DB4FF55003CD644 /* mac.framework */ = {isa = PBXFileReference; lastKnownFileType = wrapper.framework; name = mac.framework; path = Frameworks/mac.framework; sourceTree = "<group>"; };
		32BC8E320DB4FF55003CD644 /* ogg.framework */ = {isa = PBXFileReference; lastKnownFileType = wrapper.framework; name = ogg.framework; path = Frameworks/ogg.framework; sourceTree = "<group>"; };
		32BC8E330DB4FF55003CD644 /* taglib.framework */ = {isa = PBXFileReference; lastKnownFileType = wrapper.framework; name = taglib.framework; path = Frameworks/taglib.framework; sourceTree = "<group>"; };
		32BC8E340DB4FF55003CD644 /* wavpack.framework */ = {isa = PBXFileReference; lastKnownFileType = wrapper.framework; name = wavpack.framework; path = Frameworks/wavpack.framework; sourceTree = "<group>"; };
		8C04FC2609B5D09D00EFF4D0 /* EditorWindow.h */ = {isa = PBXFileReference; fileEncoding = 4; lastKnownFileType = sourcecode.c.h; path = EditorWindow.h; sourceTree = "<group>"; };
		8C04FC2709B5D09D00EFF4D0 /* EditorWindow.m */ = {isa = PBXFileReference; fileEncoding = 4; lastKnownFileType = sourcecode.c.objc; path = EditorWindow.m; sourceTree = "<group>"; };
		8C0A9F5C09B5898C00D994FC /* Tag.icns */ = {isa = PBXFileReference; lastKnownFileType = image.icns; path = Tag.icns; sourceTree = "<group>"; };
		8C1467DC09CC2B8600F91A97 /* KeyValueTaggedFile.h */ = {isa = PBXFileReference; fileEncoding = 30; lastKnownFileType = sourcecode.c.h; path = KeyValueTaggedFile.h; sourceTree = "<group>"; };
		8C14696409CC367D00F91A97 /* KeyValueTaggedFile.m */ = {isa = PBXFileReference; fileEncoding = 30; lastKnownFileType = sourcecode.c.objc; path = KeyValueTaggedFile.m; sourceTree = "<group>"; };
		8C1E7DB909D1061600B36CDB /* UKMainThreadProxy.h */ = {isa = PBXFileReference; fileEncoding = 30; lastKnownFileType = sourcecode.c.h; path = UKMainThreadProxy.h; sourceTree = "<group>"; };
		8C1E7DBA09D1061600B36CDB /* UKFNSubscribeFileWatcher.m */ = {isa = PBXFileReference; fileEncoding = 30; lastKnownFileType = sourcecode.c.objc; path = UKFNSubscribeFileWatcher.m; sourceTree = "<group>"; };
		8C1E7DBB09D1061600B36CDB /* UKFileWatcher.m */ = {isa = PBXFileReference; fileEncoding = 30; lastKnownFileType = sourcecode.c.objc; path = UKFileWatcher.m; sourceTree = "<group>"; };
		8C1E7DBC09D1061600B36CDB /* UKKQueue.h */ = {isa = PBXFileReference; fileEncoding = 30; lastKnownFileType = sourcecode.c.h; path = UKKQueue.h; sourceTree = "<group>"; };
		8C1E7DBD09D1061600B36CDB /* UKFileWatcher.h */ = {isa = PBXFileReference; fileEncoding = 30; lastKnownFileType = sourcecode.c.h; path = UKFileWatcher.h; sourceTree = "<group>"; };
		8C1E7DBE09D1061600B36CDB /* UKKQueue Readme.txt */ = {isa = PBXFileReference; fileEncoding = 30; lastKnownFileType = text; path = "UKKQueue Readme.txt"; sourceTree = "<group>"; };
		8C1E7DBF09D1061600B36CDB /* UKFNSubscribeFileWatcher.h */ = {isa = PBXFileReference; fileEncoding = 30; lastKnownFileType = sourcecode.c.h; path = UKFNSubscribeFileWatcher.h; sourceTree = "<group>"; };
		8C1E7DC009D1061600B36CDB /* UKMainThreadProxy.m */ = {isa = PBXFileReference; fileEncoding = 30; lastKnownFileType = sourcecode.c.objc; path = UKMainThreadProxy.m; sourceTree = "<group>"; };
		8C1E7DC109D1061600B36CDB /* UKKQueue.m */ = {isa = PBXFileReference; fileEncoding = 30; lastKnownFileType = sourcecode.c.objc; path = UKKQueue.m; sourceTree = "<group>"; };
		8C1E9B450A241F960028957C /* FileSelectionSheet.h */ = {isa = PBXFileReference; fileEncoding = 4; lastKnownFileType = sourcecode.c.h; path = FileSelectionSheet.h; sourceTree = "<group>"; };
		8C1E9B460A241F960028957C /* FileSelectionSheet.m */ = {isa = PBXFileReference; fileEncoding = 4; lastKnownFileType = sourcecode.c.objc; path = FileSelectionSheet.m; sourceTree = "<group>"; };
		8C1E9B590A2420240028957C /* FileSelectionSheetDelegateMethods.h */ = {isa = PBXFileReference; fileEncoding = 4; lastKnownFileType = sourcecode.c.h; path = FileSelectionSheetDelegateMethods.h; sourceTree = "<group>"; };
		8C5A84AE09B1C6D900B86E4E /* AddTagSheet.h */ = {isa = PBXFileReference; fileEncoding = 4; lastKnownFileType = sourcecode.c.h; path = AddTagSheet.h; sourceTree = "<group>"; };
		8C5A84AF09B1C6D900B86E4E /* AddTagSheet.m */ = {isa = PBXFileReference; fileEncoding = 4; lastKnownFileType = sourcecode.c.objc; path = AddTagSheet.m; sourceTree = "<group>"; };
		8C728C3009B6F8C9000F7848 /* ServicesProvider.h */ = {isa = PBXFileReference; fileEncoding = 4; lastKnownFileType = sourcecode.c.h; path = ServicesProvider.h; sourceTree = "<group>"; };
		8C728C3109B6F8C9000F7848 /* ServicesProvider.m */ = {isa = PBXFileReference; fileEncoding = 4; lastKnownFileType = sourcecode.c.objc; path = ServicesProvider.m; sourceTree = "<group>"; };
		8C72A00C098DED9100AADBFD /* Add_Pressed.tiff */ = {isa = PBXFileReference; lastKnownFileType = image.tiff; path = Add_Pressed.tiff; sourceTree = "<group>"; };
		8C72A00D098DED9100AADBFD /* Add.tiff */ = {isa = PBXFileReference; lastKnownFileType = image.tiff; path = Add.tiff; sourceTree = "<group>"; };
		8C72A00E098DED9100AADBFD /* Remove_Pressed.tiff */ = {isa = PBXFileReference; lastKnownFileType = image.tiff; path = Remove_Pressed.tiff; sourceTree = "<group>"; };
		8C72A00F098DED9100AADBFD /* Remove.tiff */ = {isa = PBXFileReference; lastKnownFileType = image.tiff; path = Remove.tiff; sourceTree = "<group>"; };
		8C7C7E4C09E783D000A6B846 /* WavPackFile.h */ = {isa = PBXFileReference; fileEncoding = 4; lastKnownFileType = sourcecode.c.h; path = WavPackFile.h; sourceTree = "<group>"; };
		8C7C7E4D09E783D000A6B846 /* WavPackFile.m */ = {isa = PBXFileReference; fileEncoding = 4; lastKnownFileType = sourcecode.c.objc; path = WavPackFile.m; sourceTree = "<group>"; };
		8C7C828309E78C9800A6B846 /* WavPackHelperFunctions.h */ = {isa = PBXFileReference; fileEncoding = 4; lastKnownFileType = sourcecode.c.h; path = WavPackHelperFunctions.h; sourceTree = "<group>"; };
		8C7C828409E78C9800A6B846 /* WavPackHelperFunctions.m */ = {isa = PBXFileReference; fileEncoding = 4; lastKnownFileType = sourcecode.c.objc; path = WavPackHelperFunctions.m; sourceTree = "<group>"; };
		8C8006C609CBB16300AEBDD9 /* MonkeysAudioFile.h */ = {isa = PBXFileReference; fileEncoding = 4; lastKnownFileType = sourcecode.c.h; path = MonkeysAudioFile.h; sourceTree = "<group>"; };
		8C8006C709CBB16300AEBDD9 /* MonkeysAudioFile.mm */ = {isa = PBXFileReference; fileEncoding = 4; lastKnownFileType = sourcecode.cpp.objcpp; path = MonkeysAudioFile.mm; sourceTree = "<group>"; };
		8CA0A38309B4535400E44E10 /* TagEditor.h */ = {isa = PBXFileReference; fileEncoding = 4; lastKnownFileType = sourcecode.c.h; path = TagEditor.h; sourceTree = "<group>"; };
		8CA0A38409B4535400E44E10 /* TagEditor.m */ = {isa = PBXFileReference; fileEncoding = 4; lastKnownFileType = sourcecode.c.objc; path = TagEditor.m; sourceTree = "<group>"; };
		8CA0A4E509B467B000E44E10 /* FLACFile.h */ = {isa = PBXFileReference; fileEncoding = 4; lastKnownFileType = sourcecode.c.h; path = FLACFile.h; sourceTree = "<group>"; };
		8CA0A4E609B467B000E44E10 /* FLACFile.m */ = {isa = PBXFileReference; fileEncoding = 4; lastKnownFileType = sourcecode.c.objc; path = FLACFile.m; sourceTree = "<group>"; };
		8CA0A4ED09B467C100E44E10 /* OggVorbisFile.h */ = {isa = PBXFileReference; fileEncoding = 4; lastKnownFileType = sourcecode.c.h; path = OggVorbisFile.h; sourceTree = "<group>"; };
		8CA0A4EE09B467C100E44E10 /* OggVorbisFile.mm */ = {isa = PBXFileReference; fileEncoding = 4; lastKnownFileType = sourcecode.cpp.objcpp; path = OggVorbisFile.mm; sourceTree = "<group>"; };
		8CA0A8C309B5205500E44E10 /* AddTagSheetDelegateMethods.h */ = {isa = PBXFileReference; fileEncoding = 4; lastKnownFileType = sourcecode.c.h; path = AddTagSheetDelegateMethods.h; sourceTree = "<group>"; };
		8CA0A9A309B52C0000E44E10 /* FLACHelperFunctions.h */ = {isa = PBXFileReference; fileEncoding = 4; lastKnownFileType = sourcecode.c.h; path = FLACHelperFunctions.h; sourceTree = "<group>"; };
		8CA0A9A409B52C0000E44E10 /* FLACHelperFunctions.m */ = {isa = PBXFileReference; fileEncoding = 4; lastKnownFileType = sourcecode.c.objc; path = FLACHelperFunctions.m; sourceTree = "<group>"; };
		8CA0AB1B09B53F3500E44E10 /* FilesTableView.h */ = {isa = PBXFileReference; fileEncoding = 4; lastKnownFileType = sourcecode.c.h; path = FilesTableView.h; sourceTree = "<group>"; };
		8CA0AB1C09B53F3500E44E10 /* FilesTableView.m */ = {isa = PBXFileReference; fileEncoding = 4; lastKnownFileType = sourcecode.c.objc; path = FilesTableView.m; sourceTree = "<group>"; };
		8CA3BD9909B68A42006B54AD /* CompilationButton.h */ = {isa = PBXFileReference; fileEncoding = 4; lastKnownFileType = sourcecode.c.h; path = CompilationButton.h; sourceTree = "<group>"; };
		8CA3BD9A09B68A42006B54AD /* CompilationButton.m */ = {isa = PBXFileReference; fileEncoding = 4; lastKnownFileType = sourcecode.c.objc; path = CompilationButton.m; sourceTree = "<group>"; };
		8CA3BDEC09B68EAC006B54AD /* CompilationButtonCell.h */ = {isa = PBXFileReference; fileEncoding = 4; lastKnownFileType = sourcecode.c.h; path = CompilationButtonCell.h; sourceTree = "<group>"; };
		8CA3BDED09B68EAC006B54AD /* CompilationButtonCell.m */ = {isa = PBXFileReference; fileEncoding = 4; lastKnownFileType = sourcecode.c.objc; path = CompilationButtonCell.m; sourceTree = "<group>"; };
		8CA6209209B0B5C5001D14DC /* TagArrayController.h */ = {isa = PBXFileReference; fileEncoding = 4; lastKnownFileType = sourcecode.c.h; path = TagArrayController.h; sourceTree = "<group>"; };
		8CA6209309B0B5C5001D14DC /* TagArrayController.m */ = {isa = PBXFileReference; fileEncoding = 4; lastKnownFileType = sourcecode.c.objc; path = TagArrayController.m; sourceTree = "<group>"; };
		8CA6219109B0C670001D14DC /* Genres.h */ = {isa = PBXFileReference; fileEncoding = 30; lastKnownFileType = sourcecode.c.h; path = Genres.h; sourceTree = "<group>"; };
		8CA6219209B0C670001D14DC /* Genres.m */ = {isa = PBXFileReference; fileEncoding = 30; lastKnownFileType = sourcecode.c.objc; path = Genres.m; sourceTree = "<group>"; };
		8CA6237A09B0E5A5001D14DC /* ApplicationDelegate.h */ = {isa = PBXFileReference; fileEncoding = 4; lastKnownFileType = sourcecode.c.h; path = ApplicationDelegate.h; sourceTree = "<group>"; };
		8CA6237B09B0E5A5001D14DC /* ApplicationDelegate.m */ = {isa = PBXFileReference; fileEncoding = 4; lastKnownFileType = sourcecode.c.objc; path = ApplicationDelegate.m; sourceTree = "<group>"; };
		8CA6244B09B0E851001D14DC /* TagArrayControllerDelegateMethods.h */ = {isa = PBXFileReference; fileEncoding = 4; lastKnownFileType = sourcecode.c.h; path = TagArrayControllerDelegateMethods.h; sourceTree = "<group>"; };
		8CA627BD09B0FC66001D14DC /* UppercaseStringValueTransformer.h */ = {isa = PBXFileReference; fileEncoding = 4; lastKnownFileType = sourcecode.c.h; path = UppercaseStringValueTransformer.h; sourceTree = "<group>"; };
		8CA627BE09B0FC66001D14DC /* UppercaseStringValueTransformer.m */ = {isa = PBXFileReference; fileEncoding = 4; lastKnownFileType = sourcecode.c.objc; path = UppercaseStringValueTransformer.m; sourceTree = "<group>"; };
		8CA62A3109B13830001D14DC /* AcknowledgmentsController.h */ = {isa = PBXFileReference; fileEncoding = 4; lastKnownFileType = sourcecode.c.h; path = AcknowledgmentsController.h; sourceTree = "<group>"; };
		8CA62A3209B13830001D14DC /* AcknowledgmentsController.m */ = {isa = PBXFileReference; fileEncoding = 4; lastKnownFileType = sourcecode.c.objc; path = AcknowledgmentsController.m; sourceTree = "<group>"; };
		8CA62A5B09B13A07001D14DC /* Acknowledgments.rtf */ = {isa = PBXFileReference; lastKnownFileType = text.rtf; path = Acknowledgments.rtf; sourceTree = "<group>"; };
		8CA7319809D2E5BA005D630C /* Tag.sdef */ = {isa = PBXFileReference; fileEncoding = 30; lastKnownFileType = text.sdef; path = Tag.sdef; sourceTree = "<group>"; };
		8CB4FE8709B71AD100EF45EB /* English */ = {isa = PBXFileReference; fileEncoding = 10; lastKnownFileType = text.plist.strings; name = English; path = English.lproj/Errors.strings; sourceTree = "<group>"; };
		8CB4FE8909B71AD100EF45EB /* English */ = {isa = PBXFileReference; fileEncoding = 10; lastKnownFileType = text.plist.strings; name = English; path = English.lproj/General.strings; sourceTree = "<group>"; };
		8CB4FE8B09B71AD100EF45EB /* English */ = {isa = PBXFileReference; fileEncoding = 10; lastKnownFileType = text.plist.strings; name = English; path = English.lproj/Genres.strings; sourceTree = "<group>"; };
		8CBA33610A13C2B500E9EA47 /* RenameFilesSheet.h */ = {isa = PBXFileReference; fileEncoding = 4; lastKnownFileType = sourcecode.c.h; path = RenameFilesSheet.h; sourceTree = "<group>"; };
		8CBA33620A13C2B500E9EA47 /* RenameFilesSheet.m */ = {isa = PBXFileReference; fileEncoding = 4; lastKnownFileType = sourcecode.c.objc; path = RenameFilesSheet.m; sourceTree = "<group>"; };
		8CBA337E0A13C33D00E9EA47 /* RenameFilesSheetDelegateMethods.h */ = {isa = PBXFileReference; fileEncoding = 4; lastKnownFileType = sourcecode.c.h; path = RenameFilesSheetDelegateMethods.h; sourceTree = "<group>"; };
		8CBEEB030A24CA3E00B58E00 /* TagTableView.h */ = {isa = PBXFileReference; fileEncoding = 4; lastKnownFileType = sourcecode.c.h; path = TagTableView.h; sourceTree = "<group>"; };
		8CBEEB040A24CA3E00B58E00 /* TagTableView.m */ = {isa = PBXFileReference; fileEncoding = 4; lastKnownFileType = sourcecode.c.objc; path = TagTableView.m; sourceTree = "<group>"; };
		8CCA0D0D09BDA747002E74BD /* English */ = {isa = PBXFileReference; fileEncoding = 10; lastKnownFileType = text.plist.strings; name = English; path = English.lproj/Actions.strings; sourceTree = "<group>"; };
		8CCA0D8709BDB433002E74BD /* GuessTagsSheetDelegateMethods.h */ = {isa = PBXFileReference; fileEncoding = 30; lastKnownFileType = sourcecode.c.h; path = GuessTagsSheetDelegateMethods.h; sourceTree = "<group>"; };
		8CCA0D8909BDB449002E74BD /* GuessTagsSheet.m */ = {isa = PBXFileReference; fileEncoding = 30; lastKnownFileType = sourcecode.c.objc; path = GuessTagsSheet.m; sourceTree = "<group>"; };
		8CDE8F5209BA2EF4002140CF /* FileArrayController.h */ = {isa = PBXFileReference; fileEncoding = 30; lastKnownFileType = sourcecode.c.h; path = FileArrayController.h; sourceTree = "<group>"; };
		8CDE8F5309BA2EF4002140CF /* FileArrayController.m */ = {isa = PBXFileReference; fileEncoding = 30; lastKnownFileType = sourcecode.c.objc; path = FileArrayController.m; sourceTree = "<group>"; };
		8CE74D9B09CDB27700D73B4B /* TagFile.icns */ = {isa = PBXFileReference; lastKnownFileType = image.icns; path = TagFile.icns; sourceTree = "<group>"; };
		8CEECE9E09BCEBF400A9911A /* GuessTagsSheet.h */ = {isa = PBXFileReference; fileEncoding = 4; lastKnownFileType = sourcecode.c.h; path = GuessTagsSheet.h; sourceTree = "<group>"; };
		8CFA78A109B1AE990081F2E9 /* PreferencesController.h */ = {isa = PBXFileReference; fileEncoding = 30; lastKnownFileType = sourcecode.c.h; path = PreferencesController.h; sourceTree = "<group>"; };
		8CFA78A209B1AE990081F2E9 /* PreferencesController.m */ = {isa = PBXFileReference; fileEncoding = 30; lastKnownFileType = sourcecode.c.objc; path = PreferencesController.m; sourceTree = "<group>"; };
		8D15AC360486D014006FF6A4 /* Info.plist */ = {isa = PBXFileReference; fileEncoding = 4; lastKnownFileType = text.plist; path = Info.plist; sourceTree = "<group>"; };
		8D15AC370486D014006FF6A4 /* Tag.app */ = {isa = PBXFileReference; explicitFileType = wrapper.application; includeInIndex = 0; path = Tag.app; sourceTree = BUILT_PRODUCTS_DIR; };
/* End PBXFileReference section */

/* Begin PBXFrameworksBuildPhase section */
		8D15AC330486D014006FF6A4 /* Frameworks */ = {
			isa = PBXFrameworksBuildPhase;
			buildActionMask = 2147483647;
			files = (
				8D15AC340486D014006FF6A4 /* Cocoa.framework in Frameworks */,
				32BC8E350DB4FF55003CD644 /* FLAC.framework in Frameworks */,
				32BC8E360DB4FF55003CD644 /* mac.framework in Frameworks */,
				32BC8E370DB4FF55003CD644 /* ogg.framework in Frameworks */,
				32BC8E380DB4FF55003CD644 /* taglib.framework in Frameworks */,
				32BC8E390DB4FF55003CD644 /* wavpack.framework in Frameworks */,
				322461450DB5B695000A6404 /* Sparkle.framework in Frameworks */,
			);
			runOnlyForDeploymentPostprocessing = 0;
		};
/* End PBXFrameworksBuildPhase section */

/* Begin PBXGroup section */
		1058C7A6FEA54F5311CA2CBB /* Linked Frameworks */ = {
			isa = PBXGroup;
			children = (
				32BC8E300DB4FF55003CD644 /* FLAC.framework */,
				32BC8E310DB4FF55003CD644 /* mac.framework */,
				32BC8E320DB4FF55003CD644 /* ogg.framework */,
				32BC8E330DB4FF55003CD644 /* taglib.framework */,
				32BC8E340DB4FF55003CD644 /* wavpack.framework */,
				1058C7A7FEA54F5311CA2CBB /* Cocoa.framework */,
			);
			name = "Linked Frameworks";
			sourceTree = "<group>";
		};
		1058C7A8FEA54F5311CA2CBB /* Other Frameworks */ = {
			isa = PBXGroup;
			children = (
				2A37F4C4FDCFA73011CA2CEA /* AppKit.framework */,
				13E42FBA07B3F13500E4EEF1 /* CoreData.framework */,
				2A37F4C5FDCFA73011CA2CEA /* Foundation.framework */,
			);
			name = "Other Frameworks";
			sourceTree = "<group>";
		};
		19C28FB0FE9D524F11CA2CBB /* Products */ = {
			isa = PBXGroup;
			children = (
				8D15AC370486D014006FF6A4 /* Tag.app */,
			);
			name = Products;
			sourceTree = "<group>";
		};
		2A37F4AAFDCFA73011CA2CEA /* Tag */ = {
			isa = PBXGroup;
			children = (
				8CA0A49E09B463B300E44E10 /* Editor */,
				8CA0A49F09B463CF00E44E10 /* Controllers */,
				8CA0A4A309B4640600E44E10 /* Helper Classes */,
				2A37F4AFFDCFA73011CA2CEA /* Other Sources */,
				8CB4FFC509B734AD00EF45EB /* Protocols */,
				8C1E7DB509D105D800B36CDB /* UKKQueue */,
				2A37F4B8FDCFA73011CA2CEA /* Resources */,
				8CB4FE8509B71AB200EF45EB /* Strings */,
				2A37F4C3FDCFA73011CA2CEA /* Frameworks */,
				19C28FB0FE9D524F11CA2CBB /* Products */,
			);
			name = Tag;
			sourceTree = "<group>";
		};
		2A37F4AFFDCFA73011CA2CEA /* Other Sources */ = {
			isa = PBXGroup;
			children = (
				8CA6237A09B0E5A5001D14DC /* ApplicationDelegate.h */,
				8CA6237B09B0E5A5001D14DC /* ApplicationDelegate.m */,
				2A37F4B0FDCFA73011CA2CEA /* main.m */,
				8CA0A9A309B52C0000E44E10 /* FLACHelperFunctions.h */,
				8CA0A9A409B52C0000E44E10 /* FLACHelperFunctions.m */,
				8C7C828309E78C9800A6B846 /* WavPackHelperFunctions.h */,
				8C7C828409E78C9800A6B846 /* WavPackHelperFunctions.m */,
			);
			name = "Other Sources";
			sourceTree = "<group>";
		};
		2A37F4B8FDCFA73011CA2CEA /* Resources */ = {
			isa = PBXGroup;
			children = (
				323126430F684141003DC9B9 /* MainMenu.xib */,
				323126470F684154003DC9B9 /* Acknowledgments.xib */,
				3231264B0F684160003DC9B9 /* AddTagSheet.xib */,
				3231264F0F68416C003DC9B9 /* FileSelectionSheet.xib */,
				323126530F684178003DC9B9 /* GuessTagsSheet.xib */,
				323126570F684182003DC9B9 /* Preferences.xib */,
				3231265B0F68418C003DC9B9 /* RenameFilesSheet.xib */,
				3231265F0F684199003DC9B9 /* TagEditor.xib */,
				8CA7319809D2E5BA005D630C /* Tag.sdef */,
				8CE74D9B09CDB27700D73B4B /* TagFile.icns */,
				8C0A9F5C09B5898C00D994FC /* Tag.icns */,
				8CA62A5B09B13A07001D14DC /* Acknowledgments.rtf */,
				8C72A00C098DED9100AADBFD /* Add_Pressed.tiff */,
				8C72A00D098DED9100AADBFD /* Add.tiff */,
				8C72A00E098DED9100AADBFD /* Remove_Pressed.tiff */,
				8C72A00F098DED9100AADBFD /* Remove.tiff */,
				2A37F4B9FDCFA73011CA2CEA /* Credits.rtf */,
				8D15AC360486D014006FF6A4 /* Info.plist */,
				089C165FFE840EACC02AAC07 /* InfoPlist.strings */,
			);
			name = Resources;
			sourceTree = "<group>";
		};
		2A37F4C3FDCFA73011CA2CEA /* Frameworks */ = {
			isa = PBXGroup;
			children = (
				322461440DB5B695000A6404 /* Sparkle.framework */,
				1058C7A6FEA54F5311CA2CBB /* Linked Frameworks */,
				1058C7A8FEA54F5311CA2CBB /* Other Frameworks */,
			);
			name = Frameworks;
			sourceTree = "<group>";
		};
		8C1E7DB509D105D800B36CDB /* UKKQueue */ = {
			isa = PBXGroup;
			children = (
				8C1E7DB909D1061600B36CDB /* UKMainThreadProxy.h */,
				8C1E7DBA09D1061600B36CDB /* UKFNSubscribeFileWatcher.m */,
				8C1E7DBB09D1061600B36CDB /* UKFileWatcher.m */,
				8C1E7DBC09D1061600B36CDB /* UKKQueue.h */,
				8C1E7DBD09D1061600B36CDB /* UKFileWatcher.h */,
				8C1E7DBE09D1061600B36CDB /* UKKQueue Readme.txt */,
				8C1E7DBF09D1061600B36CDB /* UKFNSubscribeFileWatcher.h */,
				8C1E7DC009D1061600B36CDB /* UKMainThreadProxy.m */,
				8C1E7DC109D1061600B36CDB /* UKKQueue.m */,
			);
			name = UKKQueue;
			sourceTree = "<group>";
		};
		8CA0A49E09B463B300E44E10 /* Editor */ = {
			isa = PBXGroup;
			children = (
				8C14696409CC367D00F91A97 /* KeyValueTaggedFile.m */,
				8C1467DC09CC2B8600F91A97 /* KeyValueTaggedFile.h */,
				8CA3BD9909B68A42006B54AD /* CompilationButton.h */,
				8CA3BD9A09B68A42006B54AD /* CompilationButton.m */,
				8CA3BDEC09B68EAC006B54AD /* CompilationButtonCell.h */,
				8CA3BDED09B68EAC006B54AD /* CompilationButtonCell.m */,
				8CA0A38309B4535400E44E10 /* TagEditor.h */,
				8CA0A38409B4535400E44E10 /* TagEditor.m */,
				8CA0A4E509B467B000E44E10 /* FLACFile.h */,
				8CA0A4E609B467B000E44E10 /* FLACFile.m */,
				8CA0A4ED09B467C100E44E10 /* OggVorbisFile.h */,
				8CA0A4EE09B467C100E44E10 /* OggVorbisFile.mm */,
				8C04FC2609B5D09D00EFF4D0 /* EditorWindow.h */,
				8C04FC2709B5D09D00EFF4D0 /* EditorWindow.m */,
				8C8006C609CBB16300AEBDD9 /* MonkeysAudioFile.h */,
				8C8006C709CBB16300AEBDD9 /* MonkeysAudioFile.mm */,
				8C7C7E4C09E783D000A6B846 /* WavPackFile.h */,
				8C7C7E4D09E783D000A6B846 /* WavPackFile.m */,
			);
			name = Editor;
			sourceTree = "<group>";
		};
		8CA0A49F09B463CF00E44E10 /* Controllers */ = {
			isa = PBXGroup;
			children = (
				8CA62A3109B13830001D14DC /* AcknowledgmentsController.h */,
				8CA62A3209B13830001D14DC /* AcknowledgmentsController.m */,
				8CFA78A109B1AE990081F2E9 /* PreferencesController.h */,
				8CFA78A209B1AE990081F2E9 /* PreferencesController.m */,
				8CA6209209B0B5C5001D14DC /* TagArrayController.h */,
				8CA6209309B0B5C5001D14DC /* TagArrayController.m */,
				8CDE8F5209BA2EF4002140CF /* FileArrayController.h */,
				8CDE8F5309BA2EF4002140CF /* FileArrayController.m */,
			);
			name = Controllers;
			sourceTree = "<group>";
		};
		8CA0A4A309B4640600E44E10 /* Helper Classes */ = {
			isa = PBXGroup;
			children = (
				8CEECE9E09BCEBF400A9911A /* GuessTagsSheet.h */,
				8CCA0D8909BDB449002E74BD /* GuessTagsSheet.m */,
				8CA0AB1B09B53F3500E44E10 /* FilesTableView.h */,
				8CA0AB1C09B53F3500E44E10 /* FilesTableView.m */,
				8C5A84AE09B1C6D900B86E4E /* AddTagSheet.h */,
				8C5A84AF09B1C6D900B86E4E /* AddTagSheet.m */,
				8CA6219109B0C670001D14DC /* Genres.h */,
				8CA6219209B0C670001D14DC /* Genres.m */,
				8CA627BD09B0FC66001D14DC /* UppercaseStringValueTransformer.h */,
				8CA627BE09B0FC66001D14DC /* UppercaseStringValueTransformer.m */,
				8C728C3009B6F8C9000F7848 /* ServicesProvider.h */,
				8C728C3109B6F8C9000F7848 /* ServicesProvider.m */,
				8CBA33610A13C2B500E9EA47 /* RenameFilesSheet.h */,
				8CBA33620A13C2B500E9EA47 /* RenameFilesSheet.m */,
				8C1E9B450A241F960028957C /* FileSelectionSheet.h */,
				8C1E9B460A241F960028957C /* FileSelectionSheet.m */,
				8CBEEB030A24CA3E00B58E00 /* TagTableView.h */,
				8CBEEB040A24CA3E00B58E00 /* TagTableView.m */,
			);
			name = "Helper Classes";
			sourceTree = "<group>";
		};
		8CB4FE8509B71AB200EF45EB /* Strings */ = {
			isa = PBXGroup;
			children = (
				8CCA0D0C09BDA747002E74BD /* Actions.strings */,
				8CB4FE8609B71AD100EF45EB /* Errors.strings */,
				8CB4FE8809B71AD100EF45EB /* General.strings */,
				8CB4FE8A09B71AD100EF45EB /* Genres.strings */,
			);
			name = Strings;
			sourceTree = "<group>";
		};
		8CB4FFC509B734AD00EF45EB /* Protocols */ = {
			isa = PBXGroup;
			children = (
				8CCA0D8709BDB433002E74BD /* GuessTagsSheetDelegateMethods.h */,
				8CA0A8C309B5205500E44E10 /* AddTagSheetDelegateMethods.h */,
				8CA6244B09B0E851001D14DC /* TagArrayControllerDelegateMethods.h */,
				8CBA337E0A13C33D00E9EA47 /* RenameFilesSheetDelegateMethods.h */,
				8C1E9B590A2420240028957C /* FileSelectionSheetDelegateMethods.h */,
			);
			name = Protocols;
			sourceTree = "<group>";
		};
/* End PBXGroup section */

/* Begin PBXNativeTarget section */
		8D15AC270486D014006FF6A4 /* Tag */ = {
			isa = PBXNativeTarget;
			buildConfigurationList = C05733C708A9546B00998B17 /* Build configuration list for PBXNativeTarget "Tag" */;
			buildPhases = (
				8D15AC2B0486D014006FF6A4 /* Resources */,
				8D15AC300486D014006FF6A4 /* Sources */,
				8D15AC330486D014006FF6A4 /* Frameworks */,
				8CA6213209B0C3EB001D14DC /* Copy Frameworks */,
			);
			buildRules = (
			);
			dependencies = (
			);
			name = Tag;
			productInstallPath = "$(HOME)/Applications";
			productName = Tag;
			productReference = 8D15AC370486D014006FF6A4 /* Tag.app */;
			productType = "com.apple.product-type.application";
		};
/* End PBXNativeTarget section */

/* Begin PBXProject section */
		2A37F4A9FDCFA73011CA2CEA /* Project object */ = {
			isa = PBXProject;
			buildConfigurationList = C05733CB08A9546B00998B17 /* Build configuration list for PBXProject "Tag" */;
			compatibilityVersion = "Xcode 2.4";
			hasScannedForEncodings = 1;
			mainGroup = 2A37F4AAFDCFA73011CA2CEA /* Tag */;
			projectDirPath = "";
			projectRoot = "";
			targets = (
				8D15AC270486D014006FF6A4 /* Tag */,
			);
		};
/* End PBXProject section */

/* Begin PBXResourcesBuildPhase section */
		8D15AC2B0486D014006FF6A4 /* Resources */ = {
			isa = PBXResourcesBuildPhase;
			buildActionMask = 2147483647;
			files = (
				8CA7319909D2E5BA005D630C /* Tag.sdef in Resources */,
				8D15AC2C0486D014006FF6A4 /* Credits.rtf in Resources */,
				8D15AC2F0486D014006FF6A4 /* InfoPlist.strings in Resources */,
				8C72A010098DED9100AADBFD /* Add_Pressed.tiff in Resources */,
				8C72A011098DED9100AADBFD /* Add.tiff in Resources */,
				8C72A012098DED9100AADBFD /* Remove_Pressed.tiff in Resources */,
				8C72A013098DED9100AADBFD /* Remove.tiff in Resources */,
				8CA62A5C09B13A07001D14DC /* Acknowledgments.rtf in Resources */,
				8C0A9F5D09B5898C00D994FC /* Tag.icns in Resources */,
				8CB4FE8C09B71AD100EF45EB /* Errors.strings in Resources */,
				8CB4FE8D09B71AD100EF45EB /* General.strings in Resources */,
				8CB4FE8E09B71AD100EF45EB /* Genres.strings in Resources */,
				8CCA0D0E09BDA747002E74BD /* Actions.strings in Resources */,
				8CE74D9C09CDB27700D73B4B /* TagFile.icns in Resources */,
				323126450F684141003DC9B9 /* MainMenu.xib in Resources */,
				323126490F684154003DC9B9 /* Acknowledgments.xib in Resources */,
				3231264D0F684160003DC9B9 /* AddTagSheet.xib in Resources */,
				323126510F68416C003DC9B9 /* FileSelectionSheet.xib in Resources */,
				323126550F684178003DC9B9 /* GuessTagsSheet.xib in Resources */,
				323126590F684182003DC9B9 /* Preferences.xib in Resources */,
				3231265D0F68418C003DC9B9 /* RenameFilesSheet.xib in Resources */,
				323126610F684199003DC9B9 /* TagEditor.xib in Resources */,
			);
			runOnlyForDeploymentPostprocessing = 0;
		};
/* End PBXResourcesBuildPhase section */

/* Begin PBXSourcesBuildPhase section */
		8D15AC300486D014006FF6A4 /* Sources */ = {
			isa = PBXSourcesBuildPhase;
			buildActionMask = 2147483647;
			files = (
				8D15AC320486D014006FF6A4 /* main.m in Sources */,
				8CA6209409B0B5C5001D14DC /* TagArrayController.m in Sources */,
				8CA6219409B0C670001D14DC /* Genres.m in Sources */,
				8CA6237D09B0E5A5001D14DC /* ApplicationDelegate.m in Sources */,
				8CA627C009B0FC66001D14DC /* UppercaseStringValueTransformer.m in Sources */,
				8CA62A3409B13830001D14DC /* AcknowledgmentsController.m in Sources */,
				8CFA78A409B1AE9A0081F2E9 /* PreferencesController.m in Sources */,
				8C5A84B109B1C6D900B86E4E /* AddTagSheet.m in Sources */,
				8CA0A38609B4535400E44E10 /* TagEditor.m in Sources */,
				8CA0A4E809B467B000E44E10 /* FLACFile.m in Sources */,
				8CA0A4F009B467C100E44E10 /* OggVorbisFile.mm in Sources */,
				8CA0A9A609B52C0000E44E10 /* FLACHelperFunctions.m in Sources */,
				8C04FC2909B5D09D00EFF4D0 /* EditorWindow.m in Sources */,
				8CA3BD9C09B68A42006B54AD /* CompilationButton.m in Sources */,
				8C728BC609B6F744000F7848 /* CompilationButtonCell.m in Sources */,
				8C728C3309B6F8C9000F7848 /* ServicesProvider.m in Sources */,
				8CDE8F5509BA2EF4002140CF /* FileArrayController.m in Sources */,
				8C80BAD009BAF01F00429B03 /* FilesTableView.m in Sources */,
				8CCA0D8A09BDB449002E74BD /* GuessTagsSheet.m in Sources */,
				8C8006C909CBB16300AEBDD9 /* MonkeysAudioFile.mm in Sources */,
				8C14696509CC367D00F91A97 /* KeyValueTaggedFile.m in Sources */,
				8C1E7DC309D1061600B36CDB /* UKFNSubscribeFileWatcher.m in Sources */,
				8C1E7DC409D1061600B36CDB /* UKFileWatcher.m in Sources */,
				8C1E7DC909D1061600B36CDB /* UKMainThreadProxy.m in Sources */,
				8C1E7DCA09D1061600B36CDB /* UKKQueue.m in Sources */,
				8C7C7E4F09E783D000A6B846 /* WavPackFile.m in Sources */,
				8C7C828609E78C9800A6B846 /* WavPackHelperFunctions.m in Sources */,
				8CBA33640A13C2B500E9EA47 /* RenameFilesSheet.m in Sources */,
				8C1E9B480A241F960028957C /* FileSelectionSheet.m in Sources */,
				8CBEEB060A24CA3E00B58E00 /* TagTableView.m in Sources */,
			);
			runOnlyForDeploymentPostprocessing = 0;
		};
/* End PBXSourcesBuildPhase section */

/* Begin PBXVariantGroup section */
		089C165FFE840EACC02AAC07 /* InfoPlist.strings */ = {
			isa = PBXVariantGroup;
			children = (
				089C1660FE840EACC02AAC07 /* English */,
			);
			name = InfoPlist.strings;
			sourceTree = "<group>";
		};
		2A37F4B9FDCFA73011CA2CEA /* Credits.rtf */ = {
			isa = PBXVariantGroup;
			children = (
				2A37F4BAFDCFA73011CA2CEA /* English */,
			);
			name = Credits.rtf;
			sourceTree = "<group>";
		};
		323126430F684141003DC9B9 /* MainMenu.xib */ = {
			isa = PBXVariantGroup;
			children = (
				323126440F684141003DC9B9 /* English */,
			);
			name = MainMenu.xib;
			sourceTree = "<group>";
		};
		323126470F684154003DC9B9 /* Acknowledgments.xib */ = {
			isa = PBXVariantGroup;
			children = (
				323126480F684154003DC9B9 /* English */,
			);
			name = Acknowledgments.xib;
			sourceTree = "<group>";
		};
		3231264B0F684160003DC9B9 /* AddTagSheet.xib */ = {
			isa = PBXVariantGroup;
			children = (
				3231264C0F684160003DC9B9 /* English */,
			);
			name = AddTagSheet.xib;
			sourceTree = "<group>";
		};
		3231264F0F68416C003DC9B9 /* FileSelectionSheet.xib */ = {
			isa = PBXVariantGroup;
			children = (
				323126500F68416C003DC9B9 /* English */,
			);
			name = FileSelectionSheet.xib;
			sourceTree = "<group>";
		};
		323126530F684178003DC9B9 /* GuessTagsSheet.xib */ = {
			isa = PBXVariantGroup;
			children = (
				323126540F684178003DC9B9 /* English */,
			);
			name = GuessTagsSheet.xib;
			sourceTree = "<group>";
		};
		323126570F684182003DC9B9 /* Preferences.xib */ = {
			isa = PBXVariantGroup;
			children = (
				323126580F684182003DC9B9 /* English */,
			);
			name = Preferences.xib;
			sourceTree = "<group>";
		};
		3231265B0F68418C003DC9B9 /* RenameFilesSheet.xib */ = {
			isa = PBXVariantGroup;
			children = (
				3231265C0F68418C003DC9B9 /* English */,
			);
			name = RenameFilesSheet.xib;
			sourceTree = "<group>";
		};
		3231265F0F684199003DC9B9 /* TagEditor.xib */ = {
			isa = PBXVariantGroup;
			children = (
				323126600F684199003DC9B9 /* English */,
			);
			name = TagEditor.xib;
			sourceTree = "<group>";
		};
		8CB4FE8609B71AD100EF45EB /* Errors.strings */ = {
			isa = PBXVariantGroup;
			children = (
				8CB4FE8709B71AD100EF45EB /* English */,
			);
			name = Errors.strings;
			sourceTree = "<group>";
		};
		8CB4FE8809B71AD100EF45EB /* General.strings */ = {
			isa = PBXVariantGroup;
			children = (
				8CB4FE8909B71AD100EF45EB /* English */,
			);
			name = General.strings;
			sourceTree = "<group>";
		};
		8CB4FE8A09B71AD100EF45EB /* Genres.strings */ = {
			isa = PBXVariantGroup;
			children = (
				8CB4FE8B09B71AD100EF45EB /* English */,
			);
			name = Genres.strings;
			sourceTree = "<group>";
		};
		8CCA0D0C09BDA747002E74BD /* Actions.strings */ = {
			isa = PBXVariantGroup;
			children = (
				8CCA0D0D09BDA747002E74BD /* English */,
			);
			name = Actions.strings;
			sourceTree = "<group>";
		};
/* End PBXVariantGroup section */

/* Begin XCBuildConfiguration section */
		C05733C808A9546B00998B17 /* Debug */ = {
			isa = XCBuildConfiguration;
			buildSettings = {
				COPY_PHASE_STRIP = NO;
				FRAMEWORK_SEARCH_PATHS = (
					"$(FRAMEWORK_SEARCH_PATHS)",
					"$(SRCROOT)",
					"$(FRAMEWORK_SEARCH_PATHS_QUOTED_FOR_TARGET_1)",
					"$(FRAMEWORK_SEARCH_PATHS_QUOTED_FOR_TARGET_2)",
				);
				FRAMEWORK_SEARCH_PATHS_QUOTED_FOR_TARGET_1 = "\"$(SRCROOT)/Frameworks\"";
				FRAMEWORK_SEARCH_PATHS_QUOTED_FOR_TARGET_2 = "\"$(SRCROOT)/Frameworks\"";
				GCC_DYNAMIC_NO_PIC = NO;
				GCC_ENABLE_FIX_AND_CONTINUE = YES;
				GCC_ENABLE_OBJC_EXCEPTIONS = YES;
				GCC_MODEL_TUNING = G5;
				GCC_OPTIMIZATION_LEVEL = 0;
				GCC_WARN_ABOUT_MISSING_NEWLINE = YES;
				GCC_WARN_CHECK_SWITCH_STATEMENTS = YES;
				GCC_WARN_MISSING_PARENTHESES = YES;
				GCC_WARN_SIGN_COMPARE = YES;
				GCC_WARN_UNUSED_FUNCTION = YES;
				GCC_WARN_UNUSED_LABEL = YES;
				GCC_WARN_UNUSED_VALUE = YES;
				INFOPLIST_FILE = Info.plist;
				INSTALL_PATH = "$(HOME)/Applications";
				LIBRARY_SEARCH_PATHS = (
					"$(LIBRARY_SEARCH_PATHS)",
					"$(SRCROOT)",
				);
				PRODUCT_NAME = Tag;
				USER_HEADER_SEARCH_PATHS = "$(SRCROOT)/TagLib.framework/Headers";
				WRAPPER_EXTENSION = app;
				ZERO_LINK = YES;
			};
			name = Debug;
		};
		C05733C908A9546B00998B17 /* Release */ = {
			isa = XCBuildConfiguration;
			buildSettings = {
				ARCHS = (
					ppc,
					i386,
				);
				FRAMEWORK_SEARCH_PATHS = (
					"$(FRAMEWORK_SEARCH_PATHS)",
					"$(SRCROOT)",
					"$(FRAMEWORK_SEARCH_PATHS_QUOTED_FOR_TARGET_1)",
					"$(FRAMEWORK_SEARCH_PATHS_QUOTED_1)",
				);
				FRAMEWORK_SEARCH_PATHS_QUOTED_1 = "\"$(SRCROOT)/Frameworks\"";
				FRAMEWORK_SEARCH_PATHS_QUOTED_FOR_TARGET_1 = "\"$(SRCROOT)/Frameworks\"";
				GCC_ENABLE_OBJC_EXCEPTIONS = YES;
				GCC_GENERATE_DEBUGGING_SYMBOLS = NO;
				GCC_MODEL_TUNING = G5;
				GCC_WARN_ABOUT_MISSING_NEWLINE = YES;
				GCC_WARN_CHECK_SWITCH_STATEMENTS = YES;
				GCC_WARN_MISSING_PARENTHESES = YES;
				GCC_WARN_SIGN_COMPARE = YES;
				GCC_WARN_UNINITIALIZED_AUTOS = YES;
				GCC_WARN_UNUSED_FUNCTION = YES;
				GCC_WARN_UNUSED_LABEL = YES;
				GCC_WARN_UNUSED_VALUE = YES;
				INFOPLIST_FILE = Info.plist;
				INSTALL_PATH = "$(HOME)/Applications";
				LIBRARY_SEARCH_PATHS = (
					"$(LIBRARY_SEARCH_PATHS)",
					"$(SRCROOT)",
				);
				PRODUCT_NAME = Tag;
				USER_HEADER_SEARCH_PATHS = "$(SRCROOT)/TagLib.framework/Headers";
				WRAPPER_EXTENSION = app;
			};
			name = Release;
		};
		C05733CC08A9546B00998B17 /* Debug */ = {
			isa = XCBuildConfiguration;
			buildSettings = {
				GCC_WARN_ABOUT_RETURN_TYPE = YES;
				GCC_WARN_UNUSED_VARIABLE = YES;
				PREBINDING = NO;
				SDKROOT = /Developer/SDKs/MacOSX10.4u.sdk;
			};
			name = Debug;
		};
		C05733CD08A9546B00998B17 /* Release */ = {
			isa = XCBuildConfiguration;
			buildSettings = {
				GCC_WARN_ABOUT_RETURN_TYPE = YES;
				GCC_WARN_UNUSED_VARIABLE = YES;
				PREBINDING = NO;
				SDKROOT = /Developer/SDKs/MacOSX10.4u.sdk;
			};
			name = Release;
		};
/* End XCBuildConfiguration section */

/* Begin XCConfigurationList section */
		C05733C708A9546B00998B17 /* Build configuration list for PBXNativeTarget "Tag" */ = {
			isa = XCConfigurationList;
			buildConfigurations = (
				C05733C808A9546B00998B17 /* Debug */,
				C05733C908A9546B00998B17 /* Release */,
			);
			defaultConfigurationIsVisible = 0;
			defaultConfigurationName = Release;
		};
		C05733CB08A9546B00998B17 /* Build configuration list for PBXProject "Tag" */ = {
			isa = XCConfigurationList;
			buildConfigurations = (
				C05733CC08A9546B00998B17 /* Debug */,
				C05733CD08A9546B00998B17 /* Release */,
			);
			defaultConfigurationIsVisible = 0;
			defaultConfigurationName = Release;
		};
/* End XCConfigurationList section */
	};
	rootObject = 2A37F4A9FDCFA73011CA2CEA /* Project object */;
}
